{
  "name": "dynamic-kyc-form",
  "version": "0.1.0",
  "lockfileVersion": 3,
  "requires": true,
  "packages": {
    "": {
      "name": "dynamic-kyc-form",
      "version": "0.1.0",
      "dependencies": {
        "next": "15.2.4",
        "next-themes": "^0.4.6",
        "react": "^19",
        "react-dom": "^19",
        "tailwind-merge": "^2.5.5"
      },
      "devDependencies": {
        "@types/node": "^22",
        "@types/react": "^19",
        "@types/react-dom": "^19",
        "typescript": "^5"
      }
    },
    "node_modules/@emnapi/runtime": {
      "version": "1.4.5",
      "resolved": "https://pkgs.dev.azure.com/ZEISSgroup/COP_Caledonia/_packaging/Caledonia_Feed/npm/registry/@emnapi/runtime/-/runtime-1.4.5.tgz",
      "integrity": "sha1-xncQ0GYQcPOEGLZHRYTxWd44q6k=",
      "license": "MIT",
      "optional": true,
      "dependencies": {
        "tslib": "^2.4.0"
      }
    },
    "node_modules/@img/sharp-darwin-arm64": {
      "version": "0.33.5",
      "resolved": "https://pkgs.dev.azure.com/ZEISSgroup/COP_Caledonia/_packaging/Caledonia_Feed/npm/registry/@img/sharp-darwin-arm64/-/sharp-darwin-arm64-0.33.5.tgz",
      "integrity": "sha1-71taB4YoBfHoFFo3fIum6YgTygg=",
      "cpu": [
        "arm64"
      ],
      "license": "Apache-2.0",
      "optional": true,
      "os": [
        "darwin"
      ],
      "engines": {
        "node": "^18.17.0 || ^20.3.0 || >=21.0.0"
      },
      "funding": {
        "url": "https://opencollective.com/libvips"
      },
      "optionalDependencies": {
        "@img/sharp-libvips-darwin-arm64": "1.0.4"
      }
    },
    "node_modules/@img/sharp-darwin-x64": {
      "version": "0.33.5",
      "resolved": "https://pkgs.dev.azure.com/ZEISSgroup/COP_Caledonia/_packaging/Caledonia_Feed/npm/registry/@img/sharp-darwin-x64/-/sharp-darwin-x64-0.33.5.tgz",
      "integrity": "sha1-4D00Uc2eZk+qcpSMxwpAPqQGPWE=",
      "cpu": [
        "x64"
      ],
      "license": "Apache-2.0",
      "optional": true,
      "os": [
        "darwin"
      ],
      "engines": {
        "node": "^18.17.0 || ^20.3.0 || >=21.0.0"
      },
      "funding": {
        "url": "https://opencollective.com/libvips"
      },
      "optionalDependencies": {
        "@img/sharp-libvips-darwin-x64": "1.0.4"
      }
    },
    "node_modules/@img/sharp-libvips-darwin-arm64": {
      "version": "1.0.4",
      "resolved": "https://pkgs.dev.azure.com/ZEISSgroup/COP_Caledonia/_packaging/Caledonia_Feed/npm/registry/@img/sharp-libvips-darwin-arm64/-/sharp-libvips-darwin-arm64-1.0.4.tgz",
      "integrity": "sha1-RHxQJnAMAamTx4BOuK9fbphowH8=",
      "cpu": [
        "arm64"
      ],
      "license": "LGPL-3.0-or-later",
      "optional": true,
      "os": [
        "darwin"
      ],
      "funding": {
        "url": "https://opencollective.com/libvips"
      }
    },
    "node_modules/@img/sharp-libvips-darwin-x64": {
      "version": "1.0.4",
      "resolved": "https://pkgs.dev.azure.com/ZEISSgroup/COP_Caledonia/_packaging/Caledonia_Feed/npm/registry/@img/sharp-libvips-darwin-x64/-/sharp-libvips-darwin-x64-1.0.4.tgz",
      "integrity": "sha1-4EVvj3xiP52/vcdzg8qnIoHYYGI=",
      "cpu": [
        "x64"
      ],
      "license": "LGPL-3.0-or-later",
      "optional": true,
      "os": [
        "darwin"
      ],
      "funding": {
        "url": "https://opencollective.com/libvips"
      }
    },
    "node_modules/@img/sharp-libvips-linux-arm": {
      "version": "1.0.5",
      "resolved": "https://pkgs.dev.azure.com/ZEISSgroup/COP_Caledonia/_packaging/Caledonia_Feed/npm/registry/@img/sharp-libvips-linux-arm/-/sharp-libvips-linux-arm-1.0.5.tgz",
      "integrity": "sha1-mfki1OFSFuwgXctokbchv9KIQZc=",
      "cpu": [
        "arm"
      ],
      "license": "LGPL-3.0-or-later",
      "optional": true,
      "os": [
        "linux"
      ],
      "funding": {
        "url": "https://opencollective.com/libvips"
      }
    },
    "node_modules/@img/sharp-libvips-linux-arm64": {
      "version": "1.0.4",
      "resolved": "https://pkgs.dev.azure.com/ZEISSgroup/COP_Caledonia/_packaging/Caledonia_Feed/npm/registry/@img/sharp-libvips-linux-arm64/-/sharp-libvips-linux-arm64-1.0.4.tgz",
      "integrity": "sha1-l5scZsmpH3/yiTVW7yZ/kOvlFwQ=",
      "cpu": [
        "arm64"
      ],
      "license": "LGPL-3.0-or-later",
      "optional": true,
      "os": [
        "linux"
      ],
      "funding": {
        "url": "https://opencollective.com/libvips"
      }
    },
    "node_modules/@img/sharp-libvips-linux-s390x": {
      "version": "1.0.4",
      "resolved": "https://pkgs.dev.azure.com/ZEISSgroup/COP_Caledonia/_packaging/Caledonia_Feed/npm/registry/@img/sharp-libvips-linux-s390x/-/sharp-libvips-linux-s390x-1.0.4.tgz",
      "integrity": "sha1-+KXrHzdKCC9ys/ReL7JbgRiopc4=",
      "cpu": [
        "s390x"
      ],
      "license": "LGPL-3.0-or-later",
      "optional": true,
      "os": [
        "linux"
      ],
      "funding": {
        "url": "https://opencollective.com/libvips"
      }
    },
    "node_modules/@img/sharp-libvips-linux-x64": {
      "version": "1.0.4",
      "resolved": "https://pkgs.dev.azure.com/ZEISSgroup/COP_Caledonia/_packaging/Caledonia_Feed/npm/registry/@img/sharp-libvips-linux-x64/-/sharp-libvips-linux-x64-1.0.4.tgz",
      "integrity": "sha1-1MRhnN0Vd3SQbhV3DuEZkxx+9eA=",
      "cpu": [
        "x64"
      ],
      "license": "LGPL-3.0-or-later",
      "optional": true,
      "os": [
        "linux"
      ],
      "funding": {
        "url": "https://opencollective.com/libvips"
      }
    },
    "node_modules/@img/sharp-libvips-linuxmusl-arm64": {
      "version": "1.0.4",
      "resolved": "https://pkgs.dev.azure.com/ZEISSgroup/COP_Caledonia/_packaging/Caledonia_Feed/npm/registry/@img/sharp-libvips-linuxmusl-arm64/-/sharp-libvips-linuxmusl-arm64-1.0.4.tgz",
      "integrity": "sha1-Fmd42g9I3Sve0fowM87mtYjw1dU=",
      "cpu": [
        "arm64"
      ],
      "license": "LGPL-3.0-or-later",
      "optional": true,
      "os": [
        "linux"
      ],
      "funding": {
        "url": "https://opencollective.com/libvips"
      }
    },
    "node_modules/@img/sharp-libvips-linuxmusl-x64": {
      "version": "1.0.4",
      "resolved": "https://pkgs.dev.azure.com/ZEISSgroup/COP_Caledonia/_packaging/Caledonia_Feed/npm/registry/@img/sharp-libvips-linuxmusl-x64/-/sharp-libvips-linuxmusl-x64-1.0.4.tgz",
      "integrity": "sha1-k3lOTXcgsHf8rT4CmC8vHCRnUf8=",
      "cpu": [
        "x64"
      ],
      "license": "LGPL-3.0-or-later",
      "optional": true,
      "os": [
        "linux"
      ],
      "funding": {
        "url": "https://opencollective.com/libvips"
      }
    },
    "node_modules/@img/sharp-linux-arm": {
      "version": "0.33.5",
      "resolved": "https://pkgs.dev.azure.com/ZEISSgroup/COP_Caledonia/_packaging/Caledonia_Feed/npm/registry/@img/sharp-linux-arm/-/sharp-linux-arm-0.33.5.tgz",
      "integrity": "sha1-QiwaNS57WDKEJXfcUWArzVtvXv8=",
      "cpu": [
        "arm"
      ],
      "license": "Apache-2.0",
      "optional": true,
      "os": [
        "linux"
      ],
      "engines": {
        "node": "^18.17.0 || ^20.3.0 || >=21.0.0"
      },
      "funding": {
        "url": "https://opencollective.com/libvips"
      },
      "optionalDependencies": {
        "@img/sharp-libvips-linux-arm": "1.0.5"
      }
    },
    "node_modules/@img/sharp-linux-arm64": {
      "version": "0.33.5",
      "resolved": "https://pkgs.dev.azure.com/ZEISSgroup/COP_Caledonia/_packaging/Caledonia_Feed/npm/registry/@img/sharp-linux-arm64/-/sharp-linux-arm64-0.33.5.tgz",
      "integrity": "sha1-7bBpfnqCecn8gppg/DVkTEg5uyI=",
      "cpu": [
        "arm64"
      ],
      "license": "Apache-2.0",
      "optional": true,
      "os": [
        "linux"
      ],
      "engines": {
        "node": "^18.17.0 || ^20.3.0 || >=21.0.0"
      },
      "funding": {
        "url": "https://opencollective.com/libvips"
      },
      "optionalDependencies": {
        "@img/sharp-libvips-linux-arm64": "1.0.4"
      }
    },
    "node_modules/@img/sharp-linux-s390x": {
      "version": "0.33.5",
      "resolved": "https://pkgs.dev.azure.com/ZEISSgroup/COP_Caledonia/_packaging/Caledonia_Feed/npm/registry/@img/sharp-linux-s390x/-/sharp-linux-s390x-0.33.5.tgz",
      "integrity": "sha1-9cB3kmtI6X5KBNAE368XWXIFlmc=",
      "cpu": [
        "s390x"
      ],
      "license": "Apache-2.0",
      "optional": true,
      "os": [
        "linux"
      ],
      "engines": {
        "node": "^18.17.0 || ^20.3.0 || >=21.0.0"
      },
      "funding": {
        "url": "https://opencollective.com/libvips"
      },
      "optionalDependencies": {
        "@img/sharp-libvips-linux-s390x": "1.0.4"
      }
    },
    "node_modules/@img/sharp-linux-x64": {
      "version": "0.33.5",
      "resolved": "https://pkgs.dev.azure.com/ZEISSgroup/COP_Caledonia/_packaging/Caledonia_Feed/npm/registry/@img/sharp-linux-x64/-/sharp-linux-x64-0.33.5.tgz",
      "integrity": "sha1-2Abgr9ca5ndcyH8NqPLQOnwiCcs=",
      "cpu": [
        "x64"
      ],
      "license": "Apache-2.0",
      "optional": true,
      "os": [
        "linux"
      ],
      "engines": {
        "node": "^18.17.0 || ^20.3.0 || >=21.0.0"
      },
      "funding": {
        "url": "https://opencollective.com/libvips"
      },
      "optionalDependencies": {
        "@img/sharp-libvips-linux-x64": "1.0.4"
      }
    },
    "node_modules/@img/sharp-linuxmusl-arm64": {
      "version": "0.33.5",
      "resolved": "https://pkgs.dev.azure.com/ZEISSgroup/COP_Caledonia/_packaging/Caledonia_Feed/npm/registry/@img/sharp-linuxmusl-arm64/-/sharp-linuxmusl-arm64-0.33.5.tgz",
      "integrity": "sha1-JSl1uRWJT7MVr13uoXRlHiCNPWs=",
      "cpu": [
        "arm64"
      ],
      "license": "Apache-2.0",
      "optional": true,
      "os": [
        "linux"
      ],
      "engines": {
        "node": "^18.17.0 || ^20.3.0 || >=21.0.0"
      },
      "funding": {
        "url": "https://opencollective.com/libvips"
      },
      "optionalDependencies": {
        "@img/sharp-libvips-linuxmusl-arm64": "1.0.4"
      }
    },
    "node_modules/@img/sharp-linuxmusl-x64": {
      "version": "0.33.5",
      "resolved": "https://pkgs.dev.azure.com/ZEISSgroup/COP_Caledonia/_packaging/Caledonia_Feed/npm/registry/@img/sharp-linuxmusl-x64/-/sharp-linuxmusl-x64-0.33.5.tgz",
      "integrity": "sha1-P0YJrF2O+Ox9re6AtWCWGmD9T0g=",
      "cpu": [
        "x64"
      ],
      "license": "Apache-2.0",
      "optional": true,
      "os": [
        "linux"
      ],
      "engines": {
        "node": "^18.17.0 || ^20.3.0 || >=21.0.0"
      },
      "funding": {
        "url": "https://opencollective.com/libvips"
      },
      "optionalDependencies": {
        "@img/sharp-libvips-linuxmusl-x64": "1.0.4"
      }
    },
    "node_modules/@img/sharp-wasm32": {
      "version": "0.33.5",
      "resolved": "https://pkgs.dev.azure.com/ZEISSgroup/COP_Caledonia/_packaging/Caledonia_Feed/npm/registry/@img/sharp-wasm32/-/sharp-wasm32-0.33.5.tgz",
      "integrity": "sha1-b0TzKDBp2TW7XKWBMVNXLz5vYaE=",
      "cpu": [
        "wasm32"
      ],
      "license": "Apache-2.0 AND LGPL-3.0-or-later AND MIT",
      "optional": true,
      "dependencies": {
        "@emnapi/runtime": "^1.2.0"
      },
      "engines": {
        "node": "^18.17.0 || ^20.3.0 || >=21.0.0"
      },
      "funding": {
        "url": "https://opencollective.com/libvips"
      }
    },
    "node_modules/@img/sharp-win32-ia32": {
      "version": "0.33.5",
      "resolved": "https://pkgs.dev.azure.com/ZEISSgroup/COP_Caledonia/_packaging/Caledonia_Feed/npm/registry/@img/sharp-win32-ia32/-/sharp-win32-ia32-0.33.5.tgz",
      "integrity": "sha1-GgyDmkDFNR6YhWKMhfLl39ArUqk=",
      "cpu": [
        "ia32"
      ],
      "license": "Apache-2.0 AND LGPL-3.0-or-later",
      "optional": true,
      "os": [
        "win32"
      ],
      "engines": {
        "node": "^18.17.0 || ^20.3.0 || >=21.0.0"
      },
      "funding": {
        "url": "https://opencollective.com/libvips"
      }
    },
    "node_modules/@img/sharp-win32-x64": {
      "version": "0.33.5",
      "resolved": "https://pkgs.dev.azure.com/ZEISSgroup/COP_Caledonia/_packaging/Caledonia_Feed/npm/registry/@img/sharp-win32-x64/-/sharp-win32-x64-0.33.5.tgz",
      "integrity": "sha1-VvAJYv8MTg65PTSgR9KfqZXj40I=",
      "cpu": [
        "x64"
      ],
      "license": "Apache-2.0 AND LGPL-3.0-or-later",
      "optional": true,
      "os": [
        "win32"
      ],
      "engines": {
        "node": "^18.17.0 || ^20.3.0 || >=21.0.0"
      },
      "funding": {
        "url": "https://opencollective.com/libvips"
      }
    },
    "node_modules/@next/env": {
      "version": "15.2.4",
      "resolved": "https://pkgs.dev.azure.com/ZEISSgroup/COP_Caledonia/_packaging/Caledonia_Feed/npm/registry/@next/env/-/env-15.2.4.tgz",
      "integrity": "sha1-Bg+NjdsCvlyCXqtMzZq2GQAe//s=",
      "license": "MIT"
    },
    "node_modules/@next/swc-darwin-arm64": {
      "version": "15.2.4",
      "resolved": "https://pkgs.dev.azure.com/ZEISSgroup/COP_Caledonia/_packaging/Caledonia_Feed/npm/registry/@next/swc-darwin-arm64/-/swc-darwin-arm64-15.2.4.tgz",
      "integrity": "sha1-OlT2eqLgCWqRR70k3/FJLhUYGa4=",
      "cpu": [
        "arm64"
      ],
      "license": "MIT",
      "optional": true,
      "os": [
        "darwin"
      ],
      "engines": {
        "node": ">= 10"
      }
    },
    "node_modules/@next/swc-darwin-x64": {
      "version": "15.2.4",
      "resolved": "https://pkgs.dev.azure.com/ZEISSgroup/COP_Caledonia/_packaging/Caledonia_Feed/npm/registry/@next/swc-darwin-x64/-/swc-darwin-x64-15.2.4.tgz",
      "integrity": "sha1-m1QPJK/eG3h4Yj/bqWlTRNJrfWc=",
      "cpu": [
        "x64"
      ],
      "license": "MIT",
      "optional": true,
      "os": [
        "darwin"
      ],
      "engines": {
        "node": ">= 10"
      }
    },
    "node_modules/@next/swc-linux-arm64-gnu": {
      "version": "15.2.4",
      "resolved": "https://pkgs.dev.azure.com/ZEISSgroup/COP_Caledonia/_packaging/Caledonia_Feed/npm/registry/@next/swc-linux-arm64-gnu/-/swc-linux-arm64-gnu-15.2.4.tgz",
      "integrity": "sha1-QXojTJ9NxUlQlKiXmFmsUowPH1g=",
      "cpu": [
        "arm64"
      ],
      "license": "MIT",
      "optional": true,
      "os": [
        "linux"
      ],
      "engines": {
        "node": ">= 10"
      }
    },
    "node_modules/@next/swc-linux-arm64-musl": {
      "version": "15.2.4",
      "resolved": "https://pkgs.dev.azure.com/ZEISSgroup/COP_Caledonia/_packaging/Caledonia_Feed/npm/registry/@next/swc-linux-arm64-musl/-/swc-linux-arm64-musl-15.2.4.tgz",
      "integrity": "sha1-m8p2N1UIoXWVby1R+FR9DW+f+mQ=",
      "cpu": [
        "arm64"
      ],
      "license": "MIT",
      "optional": true,
      "os": [
        "linux"
      ],
      "engines": {
        "node": ">= 10"
      }
    },
    "node_modules/@next/swc-linux-x64-gnu": {
      "version": "15.2.4",
      "resolved": "https://pkgs.dev.azure.com/ZEISSgroup/COP_Caledonia/_packaging/Caledonia_Feed/npm/registry/@next/swc-linux-x64-gnu/-/swc-linux-x64-gnu-15.2.4.tgz",
      "integrity": "sha1-w9UEHVOlsii/Uh7Ulkng8qev+Uc=",
      "cpu": [
        "x64"
      ],
      "license": "MIT",
      "optional": true,
      "os": [
        "linux"
      ],
      "engines": {
        "node": ">= 10"
      }
    },
    "node_modules/@next/swc-linux-x64-musl": {
      "version": "15.2.4",
      "resolved": "https://pkgs.dev.azure.com/ZEISSgroup/COP_Caledonia/_packaging/Caledonia_Feed/npm/registry/@next/swc-linux-x64-musl/-/swc-linux-x64-musl-15.2.4.tgz",
      "integrity": "sha1-sqUaEIscQSxppQRVbN4FF2MXaMc=",
      "cpu": [
        "x64"
      ],
      "license": "MIT",
      "optional": true,
      "os": [
        "linux"
      ],
      "engines": {
        "node": ">= 10"
      }
    },
    "node_modules/@next/swc-win32-arm64-msvc": {
      "version": "15.2.4",
      "resolved": "https://pkgs.dev.azure.com/ZEISSgroup/COP_Caledonia/_packaging/Caledonia_Feed/npm/registry/@next/swc-win32-arm64-msvc/-/swc-win32-arm64-msvc-15.2.4.tgz",
      "integrity": "sha1-fWh7QlEqvTb0TCx4fVihWQ8XS2k=",
      "cpu": [
        "arm64"
      ],
      "license": "MIT",
      "optional": true,
      "os": [
        "win32"
      ],
      "engines": {
        "node": ">= 10"
      }
    },
    "node_modules/@next/swc-win32-x64-msvc": {
      "version": "15.2.4",
      "resolved": "https://pkgs.dev.azure.com/ZEISSgroup/COP_Caledonia/_packaging/Caledonia_Feed/npm/registry/@next/swc-win32-x64-msvc/-/swc-win32-x64-msvc-15.2.4.tgz",
      "integrity": "sha1-d5oOonL6T1CTh/OzIOLXCAOUOpU=",
      "cpu": [
        "x64"
      ],
      "license": "MIT",
      "optional": true,
      "os": [
        "win32"
      ],
      "engines": {
        "node": ">= 10"
      }
    },
    "node_modules/@swc/counter": {
      "version": "0.1.3",
      "resolved": "https://pkgs.dev.azure.com/ZEISSgroup/COP_Caledonia/_packaging/Caledonia_Feed/npm/registry/@swc/counter/-/counter-0.1.3.tgz",
      "integrity": "sha1-zHRjvQKUlhHGMpWW/M0rDseCsOk=",
      "license": "Apache-2.0"
    },
    "node_modules/@swc/helpers": {
      "version": "0.5.15",
      "resolved": "https://pkgs.dev.azure.com/ZEISSgroup/COP_Caledonia/_packaging/Caledonia_Feed/npm/registry/@swc/helpers/-/helpers-0.5.15.tgz",
      "integrity": "sha1-ee+rNExYGez4OkPz+fgR/IS1Ftc=",
      "license": "Apache-2.0",
      "dependencies": {
        "tslib": "^2.8.0"
      }
    },
    "node_modules/@types/node": {
      "version": "22.17.0",
      "resolved": "https://pkgs.dev.azure.com/ZEISSgroup/COP_Caledonia/_packaging/Caledonia_Feed/npm/registry/@types/node/-/node-22.17.0.tgz",
      "integrity": "sha1-6MkJDpV71NmGDvsyPrktKXNH6sc=",
      "dev": true,
      "license": "MIT",
      "dependencies": {
        "undici-types": "~6.21.0"
      }
    },
    "node_modules/@types/react": {
      "version": "19.1.9",
      "resolved": "https://pkgs.dev.azure.com/ZEISSgroup/COP_Caledonia/_packaging/Caledonia_Feed/npm/registry/@types/react/-/react-19.1.9.tgz",
      "integrity": "sha1-9Csk81R0Vmo5tcOpjk0MQlt5qEk=",
      "dev": true,
      "license": "MIT",
      "dependencies": {
        "csstype": "^3.0.2"
      }
    },
    "node_modules/@types/react-dom": {
      "version": "19.1.7",
      "resolved": "https://pkgs.dev.azure.com/ZEISSgroup/COP_Caledonia/_packaging/Caledonia_Feed/npm/registry/@types/react-dom/-/react-dom-19.1.7.tgz",
      "integrity": "sha1-KGPyqongI1krmBIE75LFIhsoZBA=",
      "dev": true,
      "license": "MIT",
      "peerDependencies": {
        "@types/react": "^19.0.0"
      }
    },
    "node_modules/busboy": {
      "version": "1.6.0",
      "resolved": "https://pkgs.dev.azure.com/ZEISSgroup/COP_Caledonia/_packaging/Caledonia_Feed/npm/registry/busboy/-/busboy-1.6.0.tgz",
      "integrity": "sha1-lm6japUC5DzbkUaWJSO5L1MfaJM=",
      "dependencies": {
        "streamsearch": "^1.1.0"
      },
      "engines": {
        "node": ">=10.16.0"
      }
    },
    "node_modules/caniuse-lite": {
      "version": "1.0.30001731",
      "resolved": "https://pkgs.dev.azure.com/ZEISSgroup/COP_Caledonia/_packaging/Caledonia_Feed/npm/registry/caniuse-lite/-/caniuse-lite-1.0.30001731.tgz",
      "integrity": "sha1-J3wHQW6kYT7FZOWw/7R+e2DzLi8=",
      "funding": [
        {
          "type": "opencollective",
          "url": "https://opencollective.com/browserslist"
        },
        {
          "type": "tidelift",
          "url": "https://tidelift.com/funding/github/npm/caniuse-lite"
        },
        {
          "type": "github",
          "url": "https://github.com/sponsors/ai"
        }
      ],
      "license": "CC-BY-4.0"
    },
    "node_modules/client-only": {
      "version": "0.0.1",
      "resolved": "https://pkgs.dev.azure.com/ZEISSgroup/COP_Caledonia/_packaging/Caledonia_Feed/npm/registry/client-only/-/client-only-0.0.1.tgz",
      "integrity": "sha1-OLul1APEGrFQv/ZKlchQE89zvKE=",
      "license": "MIT"
    },
    "node_modules/color": {
      "version": "4.2.3",
      "resolved": "https://pkgs.dev.azure.com/ZEISSgroup/COP_Caledonia/_packaging/Caledonia_Feed/npm/registry/color/-/color-4.2.3.tgz",
      "integrity": "sha1-14HsteVyJO5D6pYnVgEHwODGRjo=",
      "license": "MIT",
      "optional": true,
      "dependencies": {
        "color-convert": "^2.0.1",
        "color-string": "^1.9.0"
      },
      "engines": {
        "node": ">=12.5.0"
      }
    },
    "node_modules/color-convert": {
      "version": "2.0.1",
      "resolved": "https://pkgs.dev.azure.com/ZEISSgroup/COP_Caledonia/_packaging/Caledonia_Feed/npm/registry/color-convert/-/color-convert-2.0.1.tgz",
      "integrity": "sha1-ctOmjVmMm9s68q0ehPIdiWq9TeM=",
      "license": "MIT",
      "optional": true,
      "dependencies": {
        "color-name": "~1.1.4"
      },
      "engines": {
        "node": ">=7.0.0"
      }
    },
    "node_modules/color-name": {
      "version": "1.1.4",
      "resolved": "https://pkgs.dev.azure.com/ZEISSgroup/COP_Caledonia/_packaging/Caledonia_Feed/npm/registry/color-name/-/color-name-1.1.4.tgz",
      "integrity": "sha1-wqCah6y95pVD3m9j+jmVyCbFNqI=",
      "license": "MIT",
      "optional": true
    },
    "node_modules/color-string": {
      "version": "1.9.1",
      "resolved": "https://pkgs.dev.azure.com/ZEISSgroup/COP_Caledonia/_packaging/Caledonia_Feed/npm/registry/color-string/-/color-string-1.9.1.tgz",
      "integrity": "sha1-RGf5FG8Db4Vbdk37W/hYK/NCx6Q=",
      "license": "MIT",
      "optional": true,
      "dependencies": {
        "color-name": "^1.0.0",
        "simple-swizzle": "^0.2.2"
      }
    },
    "node_modules/csstype": {
      "version": "3.1.3",
      "resolved": "https://pkgs.dev.azure.com/ZEISSgroup/COP_Caledonia/_packaging/Caledonia_Feed/npm/registry/csstype/-/csstype-3.1.3.tgz",
      "integrity": "sha1-2A/ylNEU+w5qxQD7+FtgE31+/4E=",
      "dev": true,
      "license": "MIT"
    },
    "node_modules/detect-libc": {
      "version": "2.0.4",
      "resolved": "https://pkgs.dev.azure.com/ZEISSgroup/COP_Caledonia/_packaging/Caledonia_Feed/npm/registry/detect-libc/-/detect-libc-2.0.4.tgz",
      "integrity": "sha1-8EcVuLqBXlO02BCWVbZQimhlp+g=",
      "license": "Apache-2.0",
      "optional": true,
      "engines": {
        "node": ">=8"
      }
    },
    "node_modules/is-arrayish": {
      "version": "0.3.2",
      "resolved": "https://pkgs.dev.azure.com/ZEISSgroup/COP_Caledonia/_packaging/Caledonia_Feed/npm/registry/is-arrayish/-/is-arrayish-0.3.2.tgz",
      "integrity": "sha1-RXSirlb3qyBolvtDHq7tBm/fjwM=",
      "license": "MIT",
      "optional": true
    },
    "node_modules/nanoid": {
      "version": "3.3.11",
      "resolved": "https://pkgs.dev.azure.com/ZEISSgroup/COP_Caledonia/_packaging/Caledonia_Feed/npm/registry/nanoid/-/nanoid-3.3.11.tgz",
      "integrity": "sha1-T08RLO++MDIC8hmYOBKJNiZtGFs=",
      "funding": [
        {
          "type": "github",
          "url": "https://github.com/sponsors/ai"
        }
      ],
      "license": "MIT",
      "bin": {
        "nanoid": "bin/nanoid.cjs"
      },
      "engines": {
        "node": "^10 || ^12 || ^13.7 || ^14 || >=15.0.1"
      }
    },
    "node_modules/next": {
      "version": "15.2.4",
      "resolved": "https://pkgs.dev.azure.com/ZEISSgroup/COP_Caledonia/_packaging/Caledonia_Feed/npm/registry/next/-/next-15.2.4.tgz",
      "integrity": "sha1-4FIl6VEd+Y47LtxxPhf0yXC/+WE=",
      "license": "MIT",
      "dependencies": {
        "@next/env": "15.2.4",
        "@swc/counter": "0.1.3",
        "@swc/helpers": "0.5.15",
        "busboy": "1.6.0",
        "caniuse-lite": "^1.0.30001579",
        "postcss": "8.4.31",
        "styled-jsx": "5.1.6"
      },
      "bin": {
        "next": "dist/bin/next"
      },
      "engines": {
        "node": "^18.18.0 || ^19.8.0 || >= 20.0.0"
      },
      "optionalDependencies": {
        "@next/swc-darwin-arm64": "15.2.4",
        "@next/swc-darwin-x64": "15.2.4",
        "@next/swc-linux-arm64-gnu": "15.2.4",
        "@next/swc-linux-arm64-musl": "15.2.4",
        "@next/swc-linux-x64-gnu": "15.2.4",
        "@next/swc-linux-x64-musl": "15.2.4",
        "@next/swc-win32-arm64-msvc": "15.2.4",
        "@next/swc-win32-x64-msvc": "15.2.4",
        "sharp": "^0.33.5"
      },
      "peerDependencies": {
        "@opentelemetry/api": "^1.1.0",
        "@playwright/test": "^1.41.2",
        "babel-plugin-react-compiler": "*",
        "react": "^18.2.0 || 19.0.0-rc-de68d2f4-20241204 || ^19.0.0",
        "react-dom": "^18.2.0 || 19.0.0-rc-de68d2f4-20241204 || ^19.0.0",
        "sass": "^1.3.0"
      },
      "peerDependenciesMeta": {
        "@opentelemetry/api": {
          "optional": true
        },
        "@playwright/test": {
          "optional": true
        },
        "babel-plugin-react-compiler": {
          "optional": true
        },
        "sass": {
          "optional": true
        }
      }
    },
    "node_modules/next-themes": {
      "version": "0.4.6",
      "resolved": "https://pkgs.dev.azure.com/ZEISSgroup/COP_Caledonia/_packaging/Caledonia_Feed/npm/registry/next-themes/-/next-themes-0.4.6.tgz",
      "integrity": "sha1-jX6S0DuP6mWCiSpQqSjJsjUC6LY=",
      "license": "MIT",
      "peerDependencies": {
        "react": "^16.8 || ^17 || ^18 || ^19 || ^19.0.0-rc",
        "react-dom": "^16.8 || ^17 || ^18 || ^19 || ^19.0.0-rc"
      }
    },
    "node_modules/next/node_modules/postcss": {
      "version": "8.4.31",
      "resolved": "https://pkgs.dev.azure.com/ZEISSgroup/COP_Caledonia/_packaging/Caledonia_Feed/npm/registry/postcss/-/postcss-8.4.31.tgz",
      "integrity": "sha1-krRRBQqfkU2mdVrzUr3AGSUIZW0=",
      "funding": [
        {
          "type": "opencollective",
          "url": "https://opencollective.com/postcss/"
        },
        {
          "type": "tidelift",
          "url": "https://tidelift.com/funding/github/npm/postcss"
        },
        {
          "type": "github",
          "url": "https://github.com/sponsors/ai"
        }
      ],
      "license": "MIT",
      "dependencies": {
        "nanoid": "^3.3.6",
        "picocolors": "^1.0.0",
        "source-map-js": "^1.0.2"
      },
      "engines": {
        "node": "^10 || ^12 || >=14"
      }
    },
    "node_modules/picocolors": {
      "version": "1.1.1",
      "resolved": "https://pkgs.dev.azure.com/ZEISSgroup/COP_Caledonia/_packaging/Caledonia_Feed/npm/registry/picocolors/-/picocolors-1.1.1.tgz",
      "integrity": "sha1-PTIa8+q5ObCDyPkpodEs2oHCa2s=",
      "license": "ISC"
    },
    "node_modules/react": {
      "version": "19.1.1",
      "resolved": "https://pkgs.dev.azure.com/ZEISSgroup/COP_Caledonia/_packaging/Caledonia_Feed/npm/registry/react/-/react-19.1.1.tgz",
      "integrity": "sha1-BtkUnsXgg6Z/mh45zpewagO2RK8=",
      "license": "MIT",
      "engines": {
        "node": ">=0.10.0"
      }
    },
    "node_modules/react-dom": {
      "version": "19.1.1",
      "resolved": "https://pkgs.dev.azure.com/ZEISSgroup/COP_Caledonia/_packaging/Caledonia_Feed/npm/registry/react-dom/-/react-dom-19.1.1.tgz",
      "integrity": "sha1-Laqf9/OuOErrMOdtXuOMBG3ImJM=",
      "license": "MIT",
      "dependencies": {
        "scheduler": "^0.26.0"
      },
      "peerDependencies": {
        "react": "^19.1.1"
      }
    },
    "node_modules/scheduler": {
      "version": "0.26.0",
      "resolved": "https://pkgs.dev.azure.com/ZEISSgroup/COP_Caledonia/_packaging/Caledonia_Feed/npm/registry/scheduler/-/scheduler-0.26.0.tgz",
      "integrity": "sha1-TOiowqIJXxPqEb+aRFvlDFVdYzc=",
      "license": "MIT"
    },
    "node_modules/semver": {
      "version": "7.7.2",
      "resolved": "https://pkgs.dev.azure.com/ZEISSgroup/COP_Caledonia/_packaging/Caledonia_Feed/npm/registry/semver/-/semver-7.7.2.tgz",
      "integrity": "sha1-Z9mf3NNc7CHm+Lh6f9UVoz+YK1g=",
      "license": "ISC",
      "optional": true,
      "bin": {
        "semver": "bin/semver.js"
      },
      "engines": {
        "node": ">=10"
      }
    },
    "node_modules/sharp": {
      "version": "0.33.5",
      "resolved": "https://pkgs.dev.azure.com/ZEISSgroup/COP_Caledonia/_packaging/Caledonia_Feed/npm/registry/sharp/-/sharp-0.33.5.tgz",
      "integrity": "sha1-E+DkEwzDCdapSXWWcVJAsuwMWU4=",
      "hasInstallScript": true,
      "license": "Apache-2.0",
      "optional": true,
      "dependencies": {
        "color": "^4.2.3",
        "detect-libc": "^2.0.3",
        "semver": "^7.6.3"
      },
      "engines": {
        "node": "^18.17.0 || ^20.3.0 || >=21.0.0"
      },
      "funding": {
        "url": "https://opencollective.com/libvips"
      },
      "optionalDependencies": {
        "@img/sharp-darwin-arm64": "0.33.5",
        "@img/sharp-darwin-x64": "0.33.5",
        "@img/sharp-libvips-darwin-arm64": "1.0.4",
        "@img/sharp-libvips-darwin-x64": "1.0.4",
        "@img/sharp-libvips-linux-arm": "1.0.5",
        "@img/sharp-libvips-linux-arm64": "1.0.4",
        "@img/sharp-libvips-linux-s390x": "1.0.4",
        "@img/sharp-libvips-linux-x64": "1.0.4",
        "@img/sharp-libvips-linuxmusl-arm64": "1.0.4",
        "@img/sharp-libvips-linuxmusl-x64": "1.0.4",
        "@img/sharp-linux-arm": "0.33.5",
        "@img/sharp-linux-arm64": "0.33.5",
        "@img/sharp-linux-s390x": "0.33.5",
        "@img/sharp-linux-x64": "0.33.5",
        "@img/sharp-linuxmusl-arm64": "0.33.5",
        "@img/sharp-linuxmusl-x64": "0.33.5",
        "@img/sharp-wasm32": "0.33.5",
        "@img/sharp-win32-ia32": "0.33.5",
        "@img/sharp-win32-x64": "0.33.5"
      }
    },
    "node_modules/simple-swizzle": {
      "version": "0.2.2",
      "resolved": "https://pkgs.dev.azure.com/ZEISSgroup/COP_Caledonia/_packaging/Caledonia_Feed/npm/registry/simple-swizzle/-/simple-swizzle-0.2.2.tgz",
      "integrity": "sha1-pNprY1/8zMoz9w0Xy5JZLeleVXo=",
      "license": "MIT",
      "optional": true,
      "dependencies": {
        "is-arrayish": "^0.3.1"
      }
    },
    "node_modules/source-map-js": {
      "version": "1.2.1",
      "resolved": "https://pkgs.dev.azure.com/ZEISSgroup/COP_Caledonia/_packaging/Caledonia_Feed/npm/registry/source-map-js/-/source-map-js-1.2.1.tgz",
      "integrity": "sha1-HOVlD93YerwJnto33P8CTCZnrkY=",
      "license": "BSD-3-Clause",
      "engines": {
        "node": ">=0.10.0"
      }
    },
    "node_modules/streamsearch": {
      "version": "1.1.0",
      "resolved": "https://pkgs.dev.azure.com/ZEISSgroup/COP_Caledonia/_packaging/Caledonia_Feed/npm/registry/streamsearch/-/streamsearch-1.1.0.tgz",
      "integrity": "sha1-QE3R4iR8qUr1VOhBqO8OqiONp2Q=",
      "engines": {
        "node": ">=10.0.0"
      }
    },
    "node_modules/styled-jsx": {
      "version": "5.1.6",
      "resolved": "https://pkgs.dev.azure.com/ZEISSgroup/COP_Caledonia/_packaging/Caledonia_Feed/npm/registry/styled-jsx/-/styled-jsx-5.1.6.tgz",
      "integrity": "sha1-g7kMB35saoD39eh4HQ8xGy/kFJk=",
      "license": "MIT",
      "dependencies": {
        "client-only": "0.0.1"
      },
      "engines": {
        "node": ">= 12.0.0"
      },
      "peerDependencies": {
        "react": ">= 16.8.0 || 17.x.x || ^18.0.0-0 || ^19.0.0-0"
      },
      "peerDependenciesMeta": {
        "@babel/core": {
          "optional": true
        },
        "babel-plugin-macros": {
          "optional": true
        }
      }
    },
    "node_modules/tailwind-merge": {
      "version": "2.6.0",
      "resolved": "https://pkgs.dev.azure.com/ZEISSgroup/COP_Caledonia/_packaging/Caledonia_Feed/npm/registry/tailwind-merge/-/tailwind-merge-2.6.0.tgz",
      "integrity": "sha1-rF+34ieRDAONRY85a3QA2ToxQtU=",
      "license": "MIT",
      "funding": {
        "type": "github",
        "url": "https://github.com/sponsors/dcastil"
      }
    },
    "node_modules/tslib": {
      "version": "2.8.1",
      "resolved": "https://pkgs.dev.azure.com/ZEISSgroup/COP_Caledonia/_packaging/Caledonia_Feed/npm/registry/tslib/-/tslib-2.8.1.tgz",
      "integrity": "sha1-YS7+TtI11Wfoq6Xypfq3AoCt6D8=",
      "license": "0BSD"
    },
    "node_modules/typescript": {
      "version": "5.9.2",
      "resolved": "https://pkgs.dev.azure.com/ZEISSgroup/COP_Caledonia/_packaging/Caledonia_Feed/npm/registry/typescript/-/typescript-5.9.2.tgz",
      "integrity": "sha1-2TRQzd7FFUotXKvjuBArgzFvsqY=",
      "dev": true,
      "license": "Apache-2.0",
      "bin": {
        "tsc": "bin/tsc",
        "tsserver": "bin/tsserver"
      },
      "engines": {
        "node": ">=14.17"
      }
    },
    "node_modules/undici-types": {
      "version": "6.21.0",
      "resolved": "https://pkgs.dev.azure.com/ZEISSgroup/COP_Caledonia/_packaging/Caledonia_Feed/npm/registry/undici-types/-/undici-types-6.21.0.tgz",
      "integrity": "sha1-aR0ArzkJvpOn+qE75hs6W1DvEss=",
      "dev": true,
      "license": "MIT"
    }
  }
}
